
Microsoft Visual Studio Solution File, Format Version 12.00
# Visual Studio Version 17
VisualStudioVersion = 17.9.34616.47
MinimumVisualStudioVersion = 10.0.40219.1
Project("{FAE04EC0-301F-11D3-BF4B-00C04F79EFBC}") = "MDE.Project.Rosseel_Almanzo.UWP", "MDE.Project.Rosseel_Almanzo\MDE.Project.Rosseel_Almanzo.UWP\MDE.Project.Rosseel_Almanzo.UWP.csproj", "{58858AF0-0E16-44C7-B5DF-39CF1AA1CC28}"
EndProject
Project("{FAE04EC0-301F-11D3-BF4B-00C04F79EFBC}") = "MDE.Project.Rosseel_Almanzo.Android", "MDE.Project.Rosseel_Almanzo\MDE.Project.Rosseel_Almanzo.Android\MDE.Project.Rosseel_Almanzo.Android.csproj", "{341DFBED-0AA2-471A-902A-C775D299DB62}"
EndProject
Project("{FAE04EC0-301F-11D3-BF4B-00C04F79EFBC}") = "MDE.Project.Rosseel_Almanzo.iOS", "MDE.Project.Rosseel_Almanzo\MDE.Project.Rosseel_Almanzo.iOS\MDE.Project.Rosseel_Almanzo.iOS.csproj", "{54348C9E-2F01-43BD-8A53-B507AA77213B}"
EndProject
Project("{9A19103F-16F7-4668-BE54-9A1E7A4F7556}") = "MDE.Project.Rosseel_Almanzo", "MDE.Project.Rosseel_Almanzo\MDE.Project.Rosseel_Almanzo\MDE.Project.Rosseel_Almanzo.csproj", "{8C4DE75A-3752-4251-91CD-D8C3DC322257}"
EndProject
Project("{FAE04EC0-301F-11D3-BF4B-00C04F79EFBC}") = "MDE.Project.Rosseel_Almanzo.Tests", "MDE.Project.Rosseel_Almanzo.Tests\MDE.Project.Rosseel_Almanzo.Tests.csproj", "{DB8DBEF7-9930-46C1-9EF2-0CD81F927170}"
EndProject
Global
	GlobalSection(SolutionConfigurationPlatforms) = preSolution
		Debug|Any CPU = Debug|Any CPU
		Debug|ARM = Debug|ARM
		Debug|iPhone = Debug|iPhone
		Debug|iPhoneSimulator = Debug|iPhoneSimulator
		Debug|x64 = Debug|x64
		Debug|x86 = Debug|x86
		Release|Any CPU = Release|Any CPU
		Release|ARM = Release|ARM
		Release|iPhone = Release|iPhone
		Release|iPhoneSimulator = Release|iPhoneSimulator
		Release|x64 = Release|x64
		Release|x86 = Release|x86
	EndGlobalSection
	GlobalSection(ProjectConfigurationPlatforms) = postSolution
		{58858AF0-0E16-44C7-B5DF-39CF1AA1CC28}.Debug|Any CPU.ActiveCfg = Debug|x64
		{58858AF0-0E16-44C7-B5DF-39CF1AA1CC28}.Debug|Any CPU.Build.0 = Debug|x64
		{58858AF0-0E16-44C7-B5DF-39CF1AA1CC28}.Debug|Any CPU.Deploy.0 = Debug|x64
		{58858AF0-0E16-44C7-B5DF-39CF1AA1CC28}.Debug|ARM.ActiveCfg = Debug|ARM
		{58858AF0-0E16-44C7-B5DF-39CF1AA1CC28}.Debug|ARM.Build.0 = Debug|ARM
		{58858AF0-0E16-44C7-B5DF-39CF1AA1CC28}.Debug|ARM.Deploy.0 = Debug|ARM
		{58858AF0-0E16-44C7-B5DF-39CF1AA1CC28}.Debug|iPhone.ActiveCfg = Debug|x64
		{58858AF0-0E16-44C7-B5DF-39CF1AA1CC28}.Debug|iPhone.Build.0 = Debug|x64
		{58858AF0-0E16-44C7-B5DF-39CF1AA1CC28}.Debug|iPhone.Deploy.0 = Debug|x64
		{58858AF0-0E16-44C7-B5DF-39CF1AA1CC28}.Debug|iPhoneSimulator.ActiveCfg = Debug|x64
		{58858AF0-0E16-44C7-B5DF-39CF1AA1CC28}.Debug|iPhoneSimulator.Build.0 = Debug|x64
		{58858AF0-0E16-44C7-B5DF-39CF1AA1CC28}.Debug|iPhoneSimulator.Deploy.0 = Debug|x64
		{58858AF0-0E16-44C7-B5DF-39CF1AA1CC28}.Debug|x64.ActiveCfg = Debug|x64
		{58858AF0-0E16-44C7-B5DF-39CF1AA1CC28}.Debug|x64.Build.0 = Debug|x64
		{58858AF0-0E16-44C7-B5DF-39CF1AA1CC28}.Debug|x64.Deploy.0 = Debug|x64
		{58858AF0-0E16-44C7-B5DF-39CF1AA1CC28}.Debug|x86.ActiveCfg = Debug|x86
		{58858AF0-0E16-44C7-B5DF-39CF1AA1CC28}.Debug|x86.Build.0 = Debug|x86
		{58858AF0-0E16-44C7-B5DF-39CF1AA1CC28}.Debug|x86.Deploy.0 = Debug|x86
		{58858AF0-0E16-44C7-B5DF-39CF1AA1CC28}.Release|Any CPU.ActiveCfg = Release|x64
		{58858AF0-0E16-44C7-B5DF-39CF1AA1CC28}.Release|Any CPU.Build.0 = Release|x64
		{58858AF0-0E16-44C7-B5DF-39CF1AA1CC28}.Release|Any CPU.Deploy.0 = Release|x64
		{58858AF0-0E16-44C7-B5DF-39CF1AA1CC28}.Release|ARM.ActiveCfg = Release|ARM
		{58858AF0-0E16-44C7-B5DF-39CF1AA1CC28}.Release|ARM.Build.0 = Release|ARM
		{58858AF0-0E16-44C7-B5DF-39CF1AA1CC28}.Release|ARM.Deploy.0 = Release|ARM
		{58858AF0-0E16-44C7-B5DF-39CF1AA1CC28}.Release|iPhone.ActiveCfg = Release|x64
		{58858AF0-0E16-44C7-B5DF-39CF1AA1CC28}.Release|iPhone.Build.0 = Release|x64
		{58858AF0-0E16-44C7-B5DF-39CF1AA1CC28}.Release|iPhone.Deploy.0 = Release|x64
		{58858AF0-0E16-44C7-B5DF-39CF1AA1CC28}.Release|iPhoneSimulator.ActiveCfg = Release|x64
		{58858AF0-0E16-44C7-B5DF-39CF1AA1CC28}.Release|iPhoneSimulator.Build.0 = Release|x64
		{58858AF0-0E16-44C7-B5DF-39CF1AA1CC28}.Release|iPhoneSimulator.Deploy.0 = Release|x64
		{58858AF0-0E16-44C7-B5DF-39CF1AA1CC28}.Release|x64.ActiveCfg = Release|x64
		{58858AF0-0E16-44C7-B5DF-39CF1AA1CC28}.Release|x64.Build.0 = Release|x64
		{58858AF0-0E16-44C7-B5DF-39CF1AA1CC28}.Release|x64.Deploy.0 = Release|x64
		{58858AF0-0E16-44C7-B5DF-39CF1AA1CC28}.Release|x86.ActiveCfg = Release|x86
		{58858AF0-0E16-44C7-B5DF-39CF1AA1CC28}.Release|x86.Build.0 = Release|x86
		{58858AF0-0E16-44C7-B5DF-39CF1AA1CC28}.Release|x86.Deploy.0 = Release|x86
		{341DFBED-0AA2-471A-902A-C775D299DB62}.Debug|Any CPU.ActiveCfg = Debug|Any CPU
		{341DFBED-0AA2-471A-902A-C775D299DB62}.Debug|Any CPU.Build.0 = Debug|Any CPU
		{341DFBED-0AA2-471A-902A-C775D299DB62}.Debug|Any CPU.Deploy.0 = Debug|Any CPU
		{341DFBED-0AA2-471A-902A-C775D299DB62}.Debug|ARM.ActiveCfg = Debug|Any CPU
		{341DFBED-0AA2-471A-902A-C775D299DB62}.Debug|ARM.Build.0 = Debug|Any CPU
		{341DFBED-0AA2-471A-902A-C775D299DB62}.Debug|ARM.Deploy.0 = Debug|Any CPU
		{341DFBED-0AA2-471A-902A-C775D299DB62}.Debug|iPhone.ActiveCfg = Debug|Any CPU
		{341DFBED-0AA2-471A-902A-C775D299DB62}.Debug|iPhone.Build.0 = Debug|Any CPU
		{341DFBED-0AA2-471A-902A-C775D299DB62}.Debug|iPhone.Deploy.0 = Debug|Any CPU
		{341DFBED-0AA2-471A-902A-C775D299DB62}.Debug|iPhoneSimulator.ActiveCfg = Debug|Any CPU
		{341DFBED-0AA2-471A-902A-C775D299DB62}.Debug|iPhoneSimulator.Build.0 = Debug|Any CPU
		{341DFBED-0AA2-471A-902A-C775D299DB62}.Debug|iPhoneSimulator.Deploy.0 = Debug|Any CPU
		{341DFBED-0AA2-471A-902A-C775D299DB62}.Debug|x64.ActiveCfg = Debug|Any CPU
		{341DFBED-0AA2-471A-902A-C775D299DB62}.Debug|x64.Build.0 = Debug|Any CPU
		{341DFBED-0AA2-471A-902A-C775D299DB62}.Debug|x64.Deploy.0 = Debug|Any CPU
		{341DFBED-0AA2-471A-902A-C775D299DB62}.Debug|x86.ActiveCfg = Debug|Any CPU
		{341DFBED-0AA2-471A-902A-C775D299DB62}.Debug|x86.Build.0 = Debug|Any CPU
		{341DFBED-0AA2-471A-902A-C775D299DB62}.Debug|x86.Deploy.0 = Debug|Any CPU
		{341DFBED-0AA2-471A-902A-C775D299DB62}.Release|Any CPU.ActiveCfg = Release|Any CPU
		{341DFBED-0AA2-471A-902A-C775D299DB62}.Release|Any CPU.Build.0 = Release|Any CPU
		{341DFBED-0AA2-471A-902A-C775D299DB62}.Release|Any CPU.Deploy.0 = Release|Any CPU
		{341DFBED-0AA2-471A-902A-C775D299DB62}.Release|ARM.ActiveCfg = Release|Any CPU
		{341DFBED-0AA2-471A-902A-C775D299DB62}.Release|ARM.Build.0 = Release|Any CPU
		{341DFBED-0AA2-471A-902A-C775D299DB62}.Release|ARM.Deploy.0 = Release|Any CPU
		{341DFBED-0AA2-471A-902A-C775D299DB62}.Release|iPhone.ActiveCfg = Release|Any CPU
		{341DFBED-0AA2-471A-902A-C775D299DB62}.Release|iPhone.Build.0 = Release|Any CPU
		{341DFBED-0AA2-471A-902A-C775D299DB62}.Release|iPhone.Deploy.0 = Release|Any CPU
		{341DFBED-0AA2-471A-902A-C775D299DB62}.Release|iPhoneSimulator.ActiveCfg = Release|Any CPU
		{341DFBED-0AA2-471A-902A-C775D299DB62}.Release|iPhoneSimulator.Build.0 = Release|Any CPU
		{341DFBED-0AA2-471A-902A-C775D299DB62}.Release|iPhoneSimulator.Deploy.0 = Release|Any CPU
		{341DFBED-0AA2-471A-902A-C775D299DB62}.Release|x64.ActiveCfg = Release|Any CPU
		{341DFBED-0AA2-471A-902A-C775D299DB62}.Release|x64.Build.0 = Release|Any CPU
		{341DFBED-0AA2-471A-902A-C775D299DB62}.Release|x64.Deploy.0 = Release|Any CPU
		{341DFBED-0AA2-471A-902A-C775D299DB62}.Release|x86.ActiveCfg = Release|Any CPU
		{341DFBED-0AA2-471A-902A-C775D299DB62}.Release|x86.Build.0 = Release|Any CPU
		{341DFBED-0AA2-471A-902A-C775D299DB62}.Release|x86.Deploy.0 = Release|Any CPU
		{54348C9E-2F01-43BD-8A53-B507AA77213B}.Debug|Any CPU.ActiveCfg = Debug|iPhoneSimulator
		{54348C9E-2F01-43BD-8A53-B507AA77213B}.Debug|Any CPU.Build.0 = Debug|iPhoneSimulator
		{54348C9E-2F01-43BD-8A53-B507AA77213B}.Debug|Any CPU.Deploy.0 = Debug|iPhoneSimulator
		{54348C9E-2F01-43BD-8A53-B507AA77213B}.Debug|ARM.ActiveCfg = Debug|iPhoneSimulator
		{54348C9E-2F01-43BD-8A53-B507AA77213B}.Debug|ARM.Build.0 = Debug|iPhoneSimulator
		{54348C9E-2F01-43BD-8A53-B507AA77213B}.Debug|ARM.Deploy.0 = Debug|iPhoneSimulator
		{54348C9E-2F01-43BD-8A53-B507AA77213B}.Debug|iPhone.ActiveCfg = Debug|iPhone
		{54348C9E-2F01-43BD-8A53-B507AA77213B}.Debug|iPhone.Build.0 = Debug|iPhone
		{54348C9E-2F01-43BD-8A53-B507AA77213B}.Debug|iPhone.Deploy.0 = Debug|iPhone
		{54348C9E-2F01-43BD-8A53-B507AA77213B}.Debug|iPhoneSimulator.ActiveCfg = Debug|iPhoneSimulator
		{54348C9E-2F01-43BD-8A53-B507AA77213B}.Debug|iPhoneSimulator.Build.0 = Debug|iPhoneSimulator
		{54348C9E-2F01-43BD-8A53-B507AA77213B}.Debug|iPhoneSimulator.Deploy.0 = Debug|iPhoneSimulator
		{54348C9E-2F01-43BD-8A53-B507AA77213B}.Debug|x64.ActiveCfg = Debug|iPhone
		{54348C9E-2F01-43BD-8A53-B507AA77213B}.Debug|x64.Build.0 = Debug|iPhone
		{54348C9E-2F01-43BD-8A53-B507AA77213B}.Debug|x64.Deploy.0 = Debug|iPhone
		{54348C9E-2F01-43BD-8A53-B507AA77213B}.Debug|x86.ActiveCfg = Debug|iPhoneSimulator
		{54348C9E-2F01-43BD-8A53-B507AA77213B}.Debug|x86.Build.0 = Debug|iPhoneSimulator
		{54348C9E-2F01-43BD-8A53-B507AA77213B}.Debug|x86.Deploy.0 = Debug|iPhoneSimulator
		{54348C9E-2F01-43BD-8A53-B507AA77213B}.Release|Any CPU.ActiveCfg = Release|iPhoneSimulator
		{54348C9E-2F01-43BD-8A53-B507AA77213B}.Release|Any CPU.Build.0 = Release|iPhoneSimulator
		{54348C9E-2F01-43BD-8A53-B507AA77213B}.Release|Any CPU.Deploy.0 = Release|iPhoneSimulator
		{54348C9E-2F01-43BD-8A53-B507AA77213B}.Release|ARM.ActiveCfg = Release|iPhoneSimulator
		{54348C9E-2F01-43BD-8A53-B507AA77213B}.Release|ARM.Build.0 = Release|iPhoneSimulator
		{54348C9E-2F01-43BD-8A53-B507AA77213B}.Release|ARM.Deploy.0 = Release|iPhoneSimulator
		{54348C9E-2F01-43BD-8A53-B507AA77213B}.Release|iPhone.ActiveCfg = Release|iPhone
		{54348C9E-2F01-43BD-8A53-B507AA77213B}.Release|iPhone.Build.0 = Release|iPhone
		{54348C9E-2F01-43BD-8A53-B507AA77213B}.Release|iPhone.Deploy.0 = Release|iPhone
		{54348C9E-2F01-43BD-8A53-B507AA77213B}.Release|iPhoneSimulator.ActiveCfg = Release|iPhoneSimulator
		{54348C9E-2F01-43BD-8A53-B507AA77213B}.Release|iPhoneSimulator.Build.0 = Release|iPhoneSimulator
		{54348C9E-2F01-43BD-8A53-B507AA77213B}.Release|iPhoneSimulator.Deploy.0 = Release|iPhoneSimulator
		{54348C9E-2F01-43BD-8A53-B507AA77213B}.Release|x64.ActiveCfg = Release|iPhoneSimulator
		{54348C9E-2F01-43BD-8A53-B507AA77213B}.Release|x64.Build.0 = Release|iPhoneSimulator
		{54348C9E-2F01-43BD-8A53-B507AA77213B}.Release|x64.Deploy.0 = Release|iPhoneSimulator
		{54348C9E-2F01-43BD-8A53-B507AA77213B}.Release|x86.ActiveCfg = Release|iPhoneSimulator
		{54348C9E-2F01-43BD-8A53-B507AA77213B}.Release|x86.Build.0 = Release|iPhoneSimulator
		{54348C9E-2F01-43BD-8A53-B507AA77213B}.Release|x86.Deploy.0 = Release|iPhoneSimulator
		{8C4DE75A-3752-4251-91CD-D8C3DC322257}.Debug|Any CPU.ActiveCfg = Debug|Any CPU
		{8C4DE75A-3752-4251-91CD-D8C3DC322257}.Debug|Any CPU.Build.0 = Debug|Any CPU
		{8C4DE75A-3752-4251-91CD-D8C3DC322257}.Debug|Any CPU.Deploy.0 = Debug|Any CPU
		{8C4DE75A-3752-4251-91CD-D8C3DC322257}.Debug|ARM.ActiveCfg = Debug|Any CPU
		{8C4DE75A-3752-4251-91CD-D8C3DC322257}.Debug|ARM.Build.0 = Debug|Any CPU
		{8C4DE75A-3752-4251-91CD-D8C3DC322257}.Debug|ARM.Deploy.0 = Debug|Any CPU
		{8C4DE75A-3752-4251-91CD-D8C3DC322257}.Debug|iPhone.ActiveCfg = Debug|Any CPU
		{8C4DE75A-3752-4251-91CD-D8C3DC322257}.Debug|iPhone.Build.0 = Debug|Any CPU
		{8C4DE75A-3752-4251-91CD-D8C3DC322257}.Debug|iPhone.Deploy.0 = Debug|Any CPU
		{8C4DE75A-3752-4251-91CD-D8C3DC322257}.Debug|iPhoneSimulator.ActiveCfg = Debug|Any CPU
		{8C4DE75A-3752-4251-91CD-D8C3DC322257}.Debug|iPhoneSimulator.Build.0 = Debug|Any CPU
		{8C4DE75A-3752-4251-91CD-D8C3DC322257}.Debug|iPhoneSimulator.Deploy.0 = Debug|Any CPU
		{8C4DE75A-3752-4251-91CD-D8C3DC322257}.Debug|x64.ActiveCfg = Debug|Any CPU
		{8C4DE75A-3752-4251-91CD-D8C3DC322257}.Debug|x64.Build.0 = Debug|Any CPU
		{8C4DE75A-3752-4251-91CD-D8C3DC322257}.Debug|x64.Deploy.0 = Debug|Any CPU
		{8C4DE75A-3752-4251-91CD-D8C3DC322257}.Debug|x86.ActiveCfg = Debug|Any CPU
		{8C4DE75A-3752-4251-91CD-D8C3DC322257}.Debug|x86.Build.0 = Debug|Any CPU
		{8C4DE75A-3752-4251-91CD-D8C3DC322257}.Debug|x86.Deploy.0 = Debug|Any CPU
		{8C4DE75A-3752-4251-91CD-D8C3DC322257}.Release|Any CPU.ActiveCfg = Release|Any CPU
		{8C4DE75A-3752-4251-91CD-D8C3DC322257}.Release|Any CPU.Build.0 = Release|Any CPU
		{8C4DE75A-3752-4251-91CD-D8C3DC322257}.Release|Any CPU.Deploy.0 = Release|Any CPU
		{8C4DE75A-3752-4251-91CD-D8C3DC322257}.Release|ARM.ActiveCfg = Release|Any CPU
		{8C4DE75A-3752-4251-91CD-D8C3DC322257}.Release|ARM.Build.0 = Release|Any CPU
		{8C4DE75A-3752-4251-91CD-D8C3DC322257}.Release|ARM.Deploy.0 = Release|Any CPU
		{8C4DE75A-3752-4251-91CD-D8C3DC322257}.Release|iPhone.ActiveCfg = Release|Any CPU
		{8C4DE75A-3752-4251-91CD-D8C3DC322257}.Release|iPhone.Build.0 = Release|Any CPU
		{8C4DE75A-3752-4251-91CD-D8C3DC322257}.Release|iPhone.Deploy.0 = Release|Any CPU
		{8C4DE75A-3752-4251-91CD-D8C3DC322257}.Release|iPhoneSimulator.ActiveCfg = Release|Any CPU
		{8C4DE75A-3752-4251-91CD-D8C3DC322257}.Release|iPhoneSimulator.Build.0 = Release|Any CPU
		{8C4DE75A-3752-4251-91CD-D8C3DC322257}.Release|iPhoneSimulator.Deploy.0 = Release|Any CPU
		{8C4DE75A-3752-4251-91CD-D8C3DC322257}.Release|x64.ActiveCfg = Release|Any CPU
		{8C4DE75A-3752-4251-91CD-D8C3DC322257}.Release|x64.Build.0 = Release|Any CPU
		{8C4DE75A-3752-4251-91CD-D8C3DC322257}.Release|x64.Deploy.0 = Release|Any CPU
		{8C4DE75A-3752-4251-91CD-D8C3DC322257}.Release|x86.ActiveCfg = Release|Any CPU
		{8C4DE75A-3752-4251-91CD-D8C3DC322257}.Release|x86.Build.0 = Release|Any CPU
		{8C4DE75A-3752-4251-91CD-D8C3DC322257}.Release|x86.Deploy.0 = Release|Any CPU
		{DB8DBEF7-9930-46C1-9EF2-0CD81F927170}.Debug|Any CPU.ActiveCfg = Debug|Any CPU
		{DB8DBEF7-9930-46C1-9EF2-0CD81F927170}.Debug|Any CPU.Build.0 = Debug|Any CPU
		{DB8DBEF7-9930-46C1-9EF2-0CD81F927170}.Debug|ARM.ActiveCfg = Debug|Any CPU
		{DB8DBEF7-9930-46C1-9EF2-0CD81F927170}.Debug|ARM.Build.0 = Debug|Any CPU
		{DB8DBEF7-9930-46C1-9EF2-0CD81F927170}.Debug|iPhone.ActiveCfg = Debug|Any CPU
		{DB8DBEF7-9930-46C1-9EF2-0CD81F927170}.Debug|iPhone.Build.0 = Debug|Any CPU
		{DB8DBEF7-9930-46C1-9EF2-0CD81F927170}.Debug|iPhoneSimulator.ActiveCfg = Debug|Any CPU
		{DB8DBEF7-9930-46C1-9EF2-0CD81F927170}.Debug|iPhoneSimulator.Build.0 = Debug|Any CPU
		{DB8DBEF7-9930-46C1-9EF2-0CD81F927170}.Debug|x64.ActiveCfg = Debug|Any CPU
		{DB8DBEF7-9930-46C1-9EF2-0CD81F927170}.Debug|x64.Build.0 = Debug|Any CPU
		{DB8DBEF7-9930-46C1-9EF2-0CD81F927170}.Debug|x86.ActiveCfg = Debug|Any CPU
		{DB8DBEF7-9930-46C1-9EF2-0CD81F927170}.Debug|x86.Build.0 = Debug|Any CPU
		{DB8DBEF7-9930-46C1-9EF2-0CD81F927170}.Release|Any CPU.ActiveCfg = Release|Any CPU
		{DB8DBEF7-9930-46C1-9EF2-0CD81F927170}.Release|Any CPU.Build.0 = Release|Any CPU
		{DB8DBEF7-9930-46C1-9EF2-0CD81F927170}.Release|ARM.ActiveCfg = Release|Any CPU
		{DB8DBEF7-9930-46C1-9EF2-0CD81F927170}.Release|ARM.Build.0 = Release|Any CPU
		{DB8DBEF7-9930-46C1-9EF2-0CD81F927170}.Release|iPhone.ActiveCfg = Release|Any CPU
		{DB8DBEF7-9930-46C1-9EF2-0CD81F927170}.Release|iPhone.Build.0 = Release|Any CPU
		{DB8DBEF7-9930-46C1-9EF2-0CD81F927170}.Release|iPhoneSimulator.ActiveCfg = Release|Any CPU
		{DB8DBEF7-9930-46C1-9EF2-0CD81F927170}.Release|iPhoneSimulator.Build.0 = Release|Any CPU
		{DB8DBEF7-9930-46C1-9EF2-0CD81F927170}.Release|x64.ActiveCfg = Release|Any CPU
		{DB8DBEF7-9930-46C1-9EF2-0CD81F927170}.Release|x64.Build.0 = Release|Any CPU
		{DB8DBEF7-9930-46C1-9EF2-0CD81F927170}.Release|x86.ActiveCfg = Release|Any CPU
		{DB8DBEF7-9930-46C1-9EF2-0CD81F927170}.Release|x86.Build.0 = Release|Any CPU
	EndGlobalSection
	GlobalSection(SolutionProperties) = preSolution
		HideSolutionNode = FALSE
	EndGlobalSection
	GlobalSection(ExtensibilityGlobals) = postSolution
		SolutionGuid = {53F72063-D280-4259-AF59-A08068C80EBA}
	EndGlobalSection
EndGlobal
